
Microsoft Visual Studio Solution File, Format Version 12.00
Project("{FAE04EC0-301F-11D3-BF4B-00C04F79EFBC}") = "CarTestWebApp.MVC", "CarTestWebApp.MVC\CarTestWebApp.MVC.csproj", "{7F44DB96-6417-47A7-8072-820960C77150}"
EndProject
Project("{FAE04EC0-301F-11D3-BF4B-00C04F79EFBC}") = "CarTestWebApp.Service", "CarTestWebApp.Service\CarTestWebApp.Service.csproj", "{1663DCC5-DC9D-4DB3-9D62-9C2BA0CED3CE}"
EndProject
Global
	GlobalSection(SolutionConfigurationPlatforms) = preSolution
		Debug|Any CPU = Debug|Any CPU
		Release|Any CPU = Release|Any CPU
	EndGlobalSection
	GlobalSection(ProjectConfigurationPlatforms) = postSolution
		{7F44DB96-6417-47A7-8072-820960C77150}.Debug|Any CPU.ActiveCfg = Debug|Any CPU
		{7F44DB96-6417-47A7-8072-820960C77150}.Debug|Any CPU.Build.0 = Debug|Any CPU
		{7F44DB96-6417-47A7-8072-820960C77150}.Release|Any CPU.ActiveCfg = Release|Any CPU
		{7F44DB96-6417-47A7-8072-820960C77150}.Release|Any CPU.Build.0 = Release|Any CPU
		{1663DCC5-DC9D-4DB3-9D62-9C2BA0CED3CE}.Debug|Any CPU.ActiveCfg = Debug|Any CPU
		{1663DCC5-DC9D-4DB3-9D62-9C2BA0CED3CE}.Debug|Any CPU.Build.0 = Debug|Any CPU
		{1663DCC5-DC9D-4DB3-9D62-9C2BA0CED3CE}.Release|Any CPU.ActiveCfg = Release|Any CPU
		{1663DCC5-DC9D-4DB3-9D62-9C2BA0CED3CE}.Release|Any CPU.Build.0 = Release|Any CPU
	EndGlobalSection
EndGlobal
